
Microsoft Visual Studio Solution File, Format Version 12.00
# Visual Studio 15
VisualStudioVersion = 15.0.33423.255
MinimumVisualStudioVersion = 10.0.40219.1
Project("{FAE04EC0-301F-11D3-BF4B-00C04F79EFBC}") = "WP_FirstMVC", "WP_FirstMVC\WP_FirstMVC.csproj", "{89D6FD67-BD7F-4AF2-B58B-71A764D5FA03}"
EndProject
Global
	GlobalSection(SolutionConfigurationPlatforms) = preSolution
		Debug|Any CPU = Debug|Any CPU
		Release|Any CPU = Release|Any CPU
	EndGlobalSection
	GlobalSection(ProjectConfigurationPlatforms) = postSolution
		{89D6FD67-BD7F-4AF2-B58B-71A764D5FA03}.Debug|Any CPU.ActiveCfg = Debug|Any CPU
		{89D6FD67-BD7F-4AF2-B58B-71A764D5FA03}.Debug|Any CPU.Build.0 = Debug|Any CPU
		{89D6FD67-BD7F-4AF2-B58B-71A764D5FA03}.Release|Any CPU.ActiveCfg = Release|Any CPU
		{89D6FD67-BD7F-4AF2-B58B-71A764D5FA03}.Release|Any CPU.Build.0 = Release|Any CPU
	EndGlobalSection
	GlobalSection(SolutionProperties) = preSolution
		HideSolutionNode = FALSE
	EndGlobalSection
	GlobalSection(ExtensibilityGlobals) = postSolution
		SolutionGuid = {38786CFD-47A3-4D56-80B2-6E1E62A462BE}
	EndGlobalSection
EndGlobal
